
Microsoft Visual Studio Solution File, Format Version 12.00
# Visual Studio Version 17
VisualStudioVersion = 17.5.002.0
MinimumVisualStudioVersion = 10.0.40219.1
Project("{9A19103F-16F7-4668-BE54-9A1E7A4F7556}") = "aula06", "aula06\aula06.csproj", "{6F7ABCDD-D9A9-4A53-BB35-50DC759660FE}"
EndProject
Project("{9A19103F-16F7-4668-BE54-9A1E7A4F7556}") = "aula1", "aula1\aula1.csproj", "{6C3CA5F9-CC9F-49DF-B5BD-2A7A5599303B}"
EndProject
Project("{9A19103F-16F7-4668-BE54-9A1E7A4F7556}") = "aula07", "aula07\aula07.csproj", "{EDCE7F66-F5BD-439F-A4D9-642E41B93C18}"
EndProject
Project("{9A19103F-16F7-4668-BE54-9A1E7A4F7556}") = "aula04", "aula04\aula04.csproj", "{9224B725-BB41-42A4-8FAA-2CAA3EC8DA28}"
EndProject
Project("{9A19103F-16F7-4668-BE54-9A1E7A4F7556}") = "aula05", "aula05\aula05.csproj", "{11423AA9-BD9E-4A4F-A8E1-7F02B232D676}"
EndProject
Project("{9A19103F-16F7-4668-BE54-9A1E7A4F7556}") = "aula08", "aula08\aula08.csproj", "{17A84F69-BAEB-4C25-83AE-4FF3AEC609EE}"
EndProject
Global
	GlobalSection(SolutionConfigurationPlatforms) = preSolution
		Debug|Any CPU = Debug|Any CPU
		Release|Any CPU = Release|Any CPU
	EndGlobalSection
	GlobalSection(ProjectConfigurationPlatforms) = postSolution
		{6F7ABCDD-D9A9-4A53-BB35-50DC759660FE}.Debug|Any CPU.ActiveCfg = Debug|Any CPU
		{6F7ABCDD-D9A9-4A53-BB35-50DC759660FE}.Debug|Any CPU.Build.0 = Debug|Any CPU
		{6F7ABCDD-D9A9-4A53-BB35-50DC759660FE}.Release|Any CPU.ActiveCfg = Release|Any CPU
		{6F7ABCDD-D9A9-4A53-BB35-50DC759660FE}.Release|Any CPU.Build.0 = Release|Any CPU
		{6C3CA5F9-CC9F-49DF-B5BD-2A7A5599303B}.Debug|Any CPU.ActiveCfg = Debug|Any CPU
		{6C3CA5F9-CC9F-49DF-B5BD-2A7A5599303B}.Debug|Any CPU.Build.0 = Debug|Any CPU
		{6C3CA5F9-CC9F-49DF-B5BD-2A7A5599303B}.Release|Any CPU.ActiveCfg = Release|Any CPU
		{6C3CA5F9-CC9F-49DF-B5BD-2A7A5599303B}.Release|Any CPU.Build.0 = Release|Any CPU
		{EDCE7F66-F5BD-439F-A4D9-642E41B93C18}.Debug|Any CPU.ActiveCfg = Debug|Any CPU
		{EDCE7F66-F5BD-439F-A4D9-642E41B93C18}.Debug|Any CPU.Build.0 = Debug|Any CPU
		{EDCE7F66-F5BD-439F-A4D9-642E41B93C18}.Release|Any CPU.ActiveCfg = Release|Any CPU
		{EDCE7F66-F5BD-439F-A4D9-642E41B93C18}.Release|Any CPU.Build.0 = Release|Any CPU
		{9224B725-BB41-42A4-8FAA-2CAA3EC8DA28}.Debug|Any CPU.ActiveCfg = Debug|Any CPU
		{9224B725-BB41-42A4-8FAA-2CAA3EC8DA28}.Debug|Any CPU.Build.0 = Debug|Any CPU
		{9224B725-BB41-42A4-8FAA-2CAA3EC8DA28}.Release|Any CPU.ActiveCfg = Release|Any CPU
		{9224B725-BB41-42A4-8FAA-2CAA3EC8DA28}.Release|Any CPU.Build.0 = Release|Any CPU
		{11423AA9-BD9E-4A4F-A8E1-7F02B232D676}.Debug|Any CPU.ActiveCfg = Debug|Any CPU
		{11423AA9-BD9E-4A4F-A8E1-7F02B232D676}.Debug|Any CPU.Build.0 = Debug|Any CPU
		{11423AA9-BD9E-4A4F-A8E1-7F02B232D676}.Release|Any CPU.ActiveCfg = Release|Any CPU
		{11423AA9-BD9E-4A4F-A8E1-7F02B232D676}.Release|Any CPU.Build.0 = Release|Any CPU
		{17A84F69-BAEB-4C25-83AE-4FF3AEC609EE}.Debug|Any CPU.ActiveCfg = Debug|Any CPU
		{17A84F69-BAEB-4C25-83AE-4FF3AEC609EE}.Debug|Any CPU.Build.0 = Debug|Any CPU
		{17A84F69-BAEB-4C25-83AE-4FF3AEC609EE}.Release|Any CPU.ActiveCfg = Release|Any CPU
		{17A84F69-BAEB-4C25-83AE-4FF3AEC609EE}.Release|Any CPU.Build.0 = Release|Any CPU
	EndGlobalSection
	GlobalSection(SolutionProperties) = preSolution
		HideSolutionNode = FALSE
	EndGlobalSection
	GlobalSection(ExtensibilityGlobals) = postSolution
		SolutionGuid = {A8E44E1A-5A72-4C34-9D3B-7A03498B7E6C}
	EndGlobalSection
EndGlobal
