
Microsoft Visual Studio Solution File, Format Version 12.00
# Visual Studio Version 17
VisualStudioVersion = 17.5.002.0
MinimumVisualStudioVersion = 10.0.40219.1
Project("{9A19103F-16F7-4668-BE54-9A1E7A4F7556}") = "aula06", "aula06\aula06.csproj", "{05A79B58-1FB6-4A5C-9DBD-0CADF038DB98}"
EndProject
Project("{9A19103F-16F7-4668-BE54-9A1E7A4F7556}") = "aula1", "aula1\aula1.csproj", "{3676BC22-B877-4658-A305-D318B21FD51A}"
EndProject
Project("{9A19103F-16F7-4668-BE54-9A1E7A4F7556}") = "aula04", "aula04\aula04.csproj", "{57058ED1-C082-4C74-98CE-24EF46C7D8FF}"
EndProject
Project("{9A19103F-16F7-4668-BE54-9A1E7A4F7556}") = "aula05", "aula05\aula05.csproj", "{D226CF39-D366-4F9D-B760-CC9F8992A106}"
EndProject
Global
	GlobalSection(SolutionConfigurationPlatforms) = preSolution
		Debug|Any CPU = Debug|Any CPU
		Release|Any CPU = Release|Any CPU
	EndGlobalSection
	GlobalSection(ProjectConfigurationPlatforms) = postSolution
		{05A79B58-1FB6-4A5C-9DBD-0CADF038DB98}.Debug|Any CPU.ActiveCfg = Debug|Any CPU
		{05A79B58-1FB6-4A5C-9DBD-0CADF038DB98}.Debug|Any CPU.Build.0 = Debug|Any CPU
		{05A79B58-1FB6-4A5C-9DBD-0CADF038DB98}.Release|Any CPU.ActiveCfg = Release|Any CPU
		{05A79B58-1FB6-4A5C-9DBD-0CADF038DB98}.Release|Any CPU.Build.0 = Release|Any CPU
		{3676BC22-B877-4658-A305-D318B21FD51A}.Debug|Any CPU.ActiveCfg = Debug|Any CPU
		{3676BC22-B877-4658-A305-D318B21FD51A}.Debug|Any CPU.Build.0 = Debug|Any CPU
		{3676BC22-B877-4658-A305-D318B21FD51A}.Release|Any CPU.ActiveCfg = Release|Any CPU
		{3676BC22-B877-4658-A305-D318B21FD51A}.Release|Any CPU.Build.0 = Release|Any CPU
		{57058ED1-C082-4C74-98CE-24EF46C7D8FF}.Debug|Any CPU.ActiveCfg = Debug|Any CPU
		{57058ED1-C082-4C74-98CE-24EF46C7D8FF}.Debug|Any CPU.Build.0 = Debug|Any CPU
		{57058ED1-C082-4C74-98CE-24EF46C7D8FF}.Release|Any CPU.ActiveCfg = Release|Any CPU
		{57058ED1-C082-4C74-98CE-24EF46C7D8FF}.Release|Any CPU.Build.0 = Release|Any CPU
		{D226CF39-D366-4F9D-B760-CC9F8992A106}.Debug|Any CPU.ActiveCfg = Debug|Any CPU
		{D226CF39-D366-4F9D-B760-CC9F8992A106}.Debug|Any CPU.Build.0 = Debug|Any CPU
		{D226CF39-D366-4F9D-B760-CC9F8992A106}.Release|Any CPU.ActiveCfg = Release|Any CPU
		{D226CF39-D366-4F9D-B760-CC9F8992A106}.Release|Any CPU.Build.0 = Release|Any CPU
	EndGlobalSection
	GlobalSection(SolutionProperties) = preSolution
		HideSolutionNode = FALSE
	EndGlobalSection
	GlobalSection(ExtensibilityGlobals) = postSolution
		SolutionGuid = {A8E44E1A-5A72-4C34-9D3B-7A03498B7E6C}
	EndGlobalSection
EndGlobal
